// !$*UTF8*$!
{
	archiveVersion = 1;
	classes = {
	};
	objectVersion = 50;
	objects = {

/* Begin PBXBuildFile section */
		2180E9E9217482060030FFB5 /* AppDelegate.swift in Sources */ = {isa = PBXBuildFile; fileRef = 2180E9E8217482060030FFB5 /* AppDelegate.swift */; };
		2180E9EB217482060030FFB5 /* ViewController.swift in Sources */ = {isa = PBXBuildFile; fileRef = 2180E9EA217482060030FFB5 /* ViewController.swift */; };
		2180E9EE217482060030FFB5 /* Main.storyboard in Resources */ = {isa = PBXBuildFile; fileRef = 2180E9EC217482060030FFB5 /* Main.storyboard */; };
		2180E9F0217482090030FFB5 /* Assets.xcassets in Resources */ = {isa = PBXBuildFile; fileRef = 2180E9EF217482090030FFB5 /* Assets.xcassets */; };
		2180E9F3217482090030FFB5 /* LaunchScreen.storyboard in Resources */ = {isa = PBXBuildFile; fileRef = 2180E9F1217482090030FFB5 /* LaunchScreen.storyboard */; };
		2180E9FE2174820A0030FFB5 /* DiaryForMyFamilyTests.swift in Sources */ = {isa = PBXBuildFile; fileRef = 2180E9FD2174820A0030FFB5 /* DiaryForMyFamilyTests.swift */; };
		2180EA092174820A0030FFB5 /* DiaryForMyFamilyUITests.swift in Sources */ = {isa = PBXBuildFile; fileRef = 2180EA082174820A0030FFB5 /* DiaryForMyFamilyUITests.swift */; };
/* End PBXBuildFile section */

/* Begin PBXContainerItemProxy section */
		2180E9FA2174820A0030FFB5 /* PBXContainerItemProxy */ = {
			isa = PBXContainerItemProxy;
			containerPortal = 2180E9DD217482060030FFB5 /* Project object */;
			proxyType = 1;
			remoteGlobalIDString = 2180E9E4217482060030FFB5;
			remoteInfo = DiaryForMyFamily;
		};
		2180EA052174820A0030FFB5 /* PBXContainerItemProxy */ = {
			isa = PBXContainerItemProxy;
			containerPortal = 2180E9DD217482060030FFB5 /* Project object */;
			proxyType = 1;
			remoteGlobalIDString = 2180E9E4217482060030FFB5;
			remoteInfo = DiaryForMyFamily;
		};
/* End PBXContainerItemProxy section */

/* Begin PBXFileReference section */
		2180E9E5217482060030FFB5 /* DiaryForMyFamily.app */ = {isa = PBXFileReference; explicitFileType = wrapper.application; includeInIndex = 0; path = DiaryForMyFamily.app; sourceTree = BUILT_PRODUCTS_DIR; };
		2180E9E8217482060030FFB5 /* AppDelegate.swift */ = {isa = PBXFileReference; lastKnownFileType = sourcecode.swift; path = AppDelegate.swift; sourceTree = "<group>"; };
		2180E9EA217482060030FFB5 /* ViewController.swift */ = {isa = PBXFileReference; lastKnownFileType = sourcecode.swift; path = ViewController.swift; sourceTree = "<group>"; };
		2180E9ED217482060030FFB5 /* Base */ = {isa = PBXFileReference; lastKnownFileType = file.storyboard; name = Base; path = Base.lproj/Main.storyboard; sourceTree = "<group>"; };
		2180E9EF217482090030FFB5 /* Assets.xcassets */ = {isa = PBXFileReference; lastKnownFileType = folder.assetcatalog; path = Assets.xcassets; sourceTree = "<group>"; };
		2180E9F2217482090030FFB5 /* Base */ = {isa = PBXFileReference; lastKnownFileType = file.storyboard; name = Base; path = Base.lproj/LaunchScreen.storyboard; sourceTree = "<group>"; };
		2180E9F4217482090030FFB5 /* Info.plist */ = {isa = PBXFileReference; lastKnownFileType = text.plist.xml; path = Info.plist; sourceTree = "<group>"; };
		2180E9F92174820A0030FFB5 /* DiaryForMyFamilyTests.xctest */ = {isa = PBXFileReference; explicitFileType = wrapper.cfbundle; includeInIndex = 0; path = DiaryForMyFamilyTests.xctest; sourceTree = BUILT_PRODUCTS_DIR; };
		2180E9FD2174820A0030FFB5 /* DiaryForMyFamilyTests.swift */ = {isa = PBXFileReference; lastKnownFileType = sourcecode.swift; path = DiaryForMyFamilyTests.swift; sourceTree = "<group>"; };
		2180E9FF2174820A0030FFB5 /* Info.plist */ = {isa = PBXFileReference; lastKnownFileType = text.plist.xml; path = Info.plist; sourceTree = "<group>"; };
		2180EA042174820A0030FFB5 /* DiaryForMyFamilyUITests.xctest */ = {isa = PBXFileReference; explicitFileType = wrapper.cfbundle; includeInIndex = 0; path = DiaryForMyFamilyUITests.xctest; sourceTree = BUILT_PRODUCTS_DIR; };
		2180EA082174820A0030FFB5 /* DiaryForMyFamilyUITests.swift */ = {isa = PBXFileReference; lastKnownFileType = sourcecode.swift; path = DiaryForMyFamilyUITests.swift; sourceTree = "<group>"; };
		2180EA0A2174820A0030FFB5 /* Info.plist */ = {isa = PBXFileReference; lastKnownFileType = text.plist.xml; path = Info.plist; sourceTree = "<group>"; };
/* End PBXFileReference section */

/* Begin PBXFrameworksBuildPhase section */
		2180E9E2217482060030FFB5 /* Frameworks */ = {
			isa = PBXFrameworksBuildPhase;
			buildActionMask = 2147483647;
			files = (
			);
			runOnlyForDeploymentPostprocessing = 0;
		};
		2180E9F62174820A0030FFB5 /* Frameworks */ = {
			isa = PBXFrameworksBuildPhase;
			buildActionMask = 2147483647;
			files = (
			);
			runOnlyForDeploymentPostprocessing = 0;
		};
		2180EA012174820A0030FFB5 /* Frameworks */ = {
			isa = PBXFrameworksBuildPhase;
			buildActionMask = 2147483647;
			files = (
			);
			runOnlyForDeploymentPostprocessing = 0;
		};
/* End PBXFrameworksBuildPhase section */

/* Begin PBXGroup section */
		2180E9DC217482060030FFB5 = {
			isa = PBXGroup;
			children = (
				2180E9E7217482060030FFB5 /* DiaryForMyFamily */,
				2180E9FC2174820A0030FFB5 /* DiaryForMyFamilyTests */,
				2180EA072174820A0030FFB5 /* DiaryForMyFamilyUITests */,
				2180E9E6217482060030FFB5 /* Products */,
			);
			sourceTree = "<group>";
		};
		2180E9E6217482060030FFB5 /* Products */ = {
			isa = PBXGroup;
			children = (
				2180E9E5217482060030FFB5 /* DiaryForMyFamily.app */,
				2180E9F92174820A0030FFB5 /* DiaryForMyFamilyTests.xctest */,
				2180EA042174820A0030FFB5 /* DiaryForMyFamilyUITests.xctest */,
			);
			name = Products;
			sourceTree = "<group>";
		};
		2180E9E7217482060030FFB5 /* DiaryForMyFamily */ = {
			isa = PBXGroup;
			children = (
				2180E9E8217482060030FFB5 /* AppDelegate.swift */,
				2180E9EA217482060030FFB5 /* ViewController.swift */,
				2180E9EC217482060030FFB5 /* Main.storyboard */,
				2180E9EF217482090030FFB5 /* Assets.xcassets */,
				2180E9F1217482090030FFB5 /* LaunchScreen.storyboard */,
				2180E9F4217482090030FFB5 /* Info.plist */,
			);
			path = DiaryForMyFamily;
			sourceTree = "<group>";
		};
		2180E9FC2174820A0030FFB5 /* DiaryForMyFamilyTests */ = {
			isa = PBXGroup;
			children = (
				2180E9FD2174820A0030FFB5 /* DiaryForMyFamilyTests.swift */,
				2180E9FF2174820A0030FFB5 /* Info.plist */,
			);
			path = DiaryForMyFamilyTests;
			sourceTree = "<group>";
		};
		2180EA072174820A0030FFB5 /* DiaryForMyFamilyUITests */ = {
			isa = PBXGroup;
			children = (
				2180EA082174820A0030FFB5 /* DiaryForMyFamilyUITests.swift */,
				2180EA0A2174820A0030FFB5 /* Info.plist */,
			);
			path = DiaryForMyFamilyUITests;
			sourceTree = "<group>";
		};
/* End PBXGroup section */

/* Begin PBXNativeTarget section */
		2180E9E4217482060030FFB5 /* DiaryForMyFamily */ = {
			isa = PBXNativeTarget;
			buildConfigurationList = 2180EA0D2174820A0030FFB5 /* Build configuration list for PBXNativeTarget "DiaryForMyFamily" */;
			buildPhases = (
				2180E9E1217482060030FFB5 /* Sources */,
				2180E9E2217482060030FFB5 /* Frameworks */,
				2180E9E3217482060030FFB5 /* Resources */,
			);
			buildRules = (
			);
			dependencies = (
			);
			name = DiaryForMyFamily;
			productName = DiaryForMyFamily;
			productReference = 2180E9E5217482060030FFB5 /* DiaryForMyFamily.app */;
			productType = "com.apple.product-type.application";
		};
		2180E9F82174820A0030FFB5 /* DiaryForMyFamilyTests */ = {
			isa = PBXNativeTarget;
			buildConfigurationList = 2180EA102174820A0030FFB5 /* Build configuration list for PBXNativeTarget "DiaryForMyFamilyTests" */;
			buildPhases = (
				2180E9F52174820A0030FFB5 /* Sources */,
				2180E9F62174820A0030FFB5 /* Frameworks */,
				2180E9F72174820A0030FFB5 /* Resources */,
			);
			buildRules = (
			);
			dependencies = (
				2180E9FB2174820A0030FFB5 /* PBXTargetDependency */,
			);
			name = DiaryForMyFamilyTests;
			productName = DiaryForMyFamilyTests;
			productReference = 2180E9F92174820A0030FFB5 /* DiaryForMyFamilyTests.xctest */;
			productType = "com.apple.product-type.bundle.unit-test";
		};
		2180EA032174820A0030FFB5 /* DiaryForMyFamilyUITests */ = {
			isa = PBXNativeTarget;
			buildConfigurationList = 2180EA132174820A0030FFB5 /* Build configuration list for PBXNativeTarget "DiaryForMyFamilyUITests" */;
			buildPhases = (
				2180EA002174820A0030FFB5 /* Sources */,
				2180EA012174820A0030FFB5 /* Frameworks */,
				2180EA022174820A0030FFB5 /* Resources */,
			);
			buildRules = (
			);
			dependencies = (
				2180EA062174820A0030FFB5 /* PBXTargetDependency */,
			);
			name = DiaryForMyFamilyUITests;
			productName = DiaryForMyFamilyUITests;
			productReference = 2180EA042174820A0030FFB5 /* DiaryForMyFamilyUITests.xctest */;
			productType = "com.apple.product-type.bundle.ui-testing";
		};
/* End PBXNativeTarget section */

/* Begin PBXProject section */
		2180E9DD217482060030FFB5 /* Project object */ = {
			isa = PBXProject;
			attributes = {
				LastSwiftUpdateCheck = 1000;
				LastUpgradeCheck = 1000;
				ORGANIZATIONNAME = formathead;
				TargetAttributes = {
					2180E9E4217482060030FFB5 = {
						CreatedOnToolsVersion = 10.0;
					};
					2180E9F82174820A0030FFB5 = {
						CreatedOnToolsVersion = 10.0;
						TestTargetID = 2180E9E4217482060030FFB5;
					};
					2180EA032174820A0030FFB5 = {
						CreatedOnToolsVersion = 10.0;
						TestTargetID = 2180E9E4217482060030FFB5;
					};
				};
			};
			buildConfigurationList = 2180E9E0217482060030FFB5 /* Build configuration list for PBXProject "DiaryForMyFamily" */;
			compatibilityVersion = "Xcode 9.3";
			developmentRegion = en;
			hasScannedForEncodings = 0;
			knownRegions = (
				en,
				Base,
			);
			mainGroup = 2180E9DC217482060030FFB5;
			productRefGroup = 2180E9E6217482060030FFB5 /* Products */;
			projectDirPath = "";
			projectRoot = "";
			targets = (
				2180E9E4217482060030FFB5 /* DiaryForMyFamily */,
				2180E9F82174820A0030FFB5 /* DiaryForMyFamilyTests */,
				2180EA032174820A0030FFB5 /* DiaryForMyFamilyUITests */,
			);
		};
/* End PBXProject section */

/* Begin PBXResourcesBuildPhase section */
		2180E9E3217482060030FFB5 /* Resources */ = {
			isa = PBXResourcesBuildPhase;
			buildActionMask = 2147483647;
			files = (
				2180E9F3217482090030FFB5 /* LaunchScreen.storyboard in Resources */,
				2180E9F0217482090030FFB5 /* Assets.xcassets in Resources */,
				2180E9EE217482060030FFB5 /* Main.storyboard in Resources */,
			);
			runOnlyForDeploymentPostprocessing = 0;
		};
		2180E9F72174820A0030FFB5 /* Resources */ = {
			isa = PBXResourcesBuildPhase;
			buildActionMask = 2147483647;
			files = (
			);
			runOnlyForDeploymentPostprocessing = 0;
		};
		2180EA022174820A0030FFB5 /* Resources */ = {
			isa = PBXResourcesBuildPhase;
			buildActionMask = 2147483647;
			files = (
			);
			runOnlyForDeploymentPostprocessing = 0;
		};
/* End PBXResourcesBuildPhase section */

/* Begin PBXSourcesBuildPhase section */
		2180E9E1217482060030FFB5 /* Sources */ = {
			isa = PBXSourcesBuildPhase;
			buildActionMask = 2147483647;
			files = (
				2180E9EB217482060030FFB5 /* ViewController.swift in Sources */,
				2180E9E9217482060030FFB5 /* AppDelegate.swift in Sources */,
			);
			runOnlyForDeploymentPostprocessing = 0;
		};
		2180E9F52174820A0030FFB5 /* Sources */ = {
			isa = PBXSourcesBuildPhase;
			buildActionMask = 2147483647;
			files = (
				2180E9FE2174820A0030FFB5 /* DiaryForMyFamilyTests.swift in Sources */,
			);
			runOnlyForDeploymentPostprocessing = 0;
		};
		2180EA002174820A0030FFB5 /* Sources */ = {
			isa = PBXSourcesBuildPhase;
			buildActionMask = 2147483647;
			files = (
				2180EA092174820A0030FFB5 /* DiaryForMyFamilyUITests.swift in Sources */,
			);
			runOnlyForDeploymentPostprocessing = 0;
		};
/* End PBXSourcesBuildPhase section */

/* Begin PBXTargetDependency section */
		2180E9FB2174820A0030FFB5 /* PBXTargetDependency */ = {
			isa = PBXTargetDependency;
			target = 2180E9E4217482060030FFB5 /* DiaryForMyFamily */;
			targetProxy = 2180E9FA2174820A0030FFB5 /* PBXContainerItemProxy */;
		};
		2180EA062174820A0030FFB5 /* PBXTargetDependency */ = {
			isa = PBXTargetDependency;
			target = 2180E9E4217482060030FFB5 /* DiaryForMyFamily */;
			targetProxy = 2180EA052174820A0030FFB5 /* PBXContainerItemProxy */;
		};
/* End PBXTargetDependency section */

/* Begin PBXVariantGroup section */
		2180E9EC217482060030FFB5 /* Main.storyboard */ = {
			isa = PBXVariantGroup;
			children = (
				2180E9ED217482060030FFB5 /* Base */,
			);
			name = Main.storyboard;
			sourceTree = "<group>";
		};
		2180E9F1217482090030FFB5 /* LaunchScreen.storyboard */ = {
			isa = PBXVariantGroup;
			children = (
				2180E9F2217482090030FFB5 /* Base */,
			);
			name = LaunchScreen.storyboard;
			sourceTree = "<group>";
		};
/* End PBXVariantGroup section */

/* Begin XCBuildConfiguration section */
		2180EA0B2174820A0030FFB5 /* Debug */ = {
			isa = XCBuildConfiguration;
			buildSettings = {
				ALWAYS_SEARCH_USER_PATHS = NO;
				CLANG_ANALYZER_NONNULL = YES;
				CLANG_ANALYZER_NUMBER_OBJECT_CONVERSION = YES_AGGRESSIVE;
				CLANG_CXX_LANGUAGE_STANDARD = "gnu++14";
				CLANG_CXX_LIBRARY = "libc++";
				CLANG_ENABLE_MODULES = YES;
				CLANG_ENABLE_OBJC_ARC = YES;
				CLANG_ENABLE_OBJC_WEAK = YES;
				CLANG_WARN_BLOCK_CAPTURE_AUTORELEASING = YES;
				CLANG_WARN_BOOL_CONVERSION = YES;
				CLANG_WARN_COMMA = YES;
				CLANG_WARN_CONSTANT_CONVERSION = YES;
				CLANG_WARN_DEPRECATED_OBJC_IMPLEMENTATIONS = YES;
				CLANG_WARN_DIRECT_OBJC_ISA_USAGE = YES_ERROR;
				CLANG_WARN_DOCUMENTATION_COMMENTS = YES;
				CLANG_WARN_EMPTY_BODY = YES;
				CLANG_WARN_ENUM_CONVERSION = YES;
				CLANG_WARN_INFINITE_RECURSION = YES;
				CLANG_WARN_INT_CONVERSION = YES;
				CLANG_WARN_NON_LITERAL_NULL_CONVERSION = YES;
				CLANG_WARN_OBJC_IMPLICIT_RETAIN_SELF = YES;
				CLANG_WARN_OBJC_LITERAL_CONVERSION = YES;
				CLANG_WARN_OBJC_ROOT_CLASS = YES_ERROR;
				CLANG_WARN_RANGE_LOOP_ANALYSIS = YES;
				CLANG_WARN_STRICT_PROTOTYPES = YES;
				CLANG_WARN_SUSPICIOUS_MOVE = YES;
				CLANG_WARN_UNGUARDED_AVAILABILITY = YES_AGGRESSIVE;
				CLANG_WARN_UNREACHABLE_CODE = YES;
				CLANG_WARN__DUPLICATE_METHOD_MATCH = YES;
				CODE_SIGN_IDENTITY = "iPhone Developer";
				COPY_PHASE_STRIP = NO;
				DEBUG_INFORMATION_FORMAT = dwarf;
				ENABLE_STRICT_OBJC_MSGSEND = YES;
				ENABLE_TESTABILITY = YES;
				GCC_C_LANGUAGE_STANDARD = gnu11;
				GCC_DYNAMIC_NO_PIC = NO;
				GCC_NO_COMMON_BLOCKS = YES;
				GCC_OPTIMIZATION_LEVEL = 0;
				GCC_PREPROCESSOR_DEFINITIONS = (
					"DEBUG=1",
					"$(inherited)",
				);
				GCC_WARN_64_TO_32_BIT_CONVERSION = YES;
				GCC_WARN_ABOUT_RETURN_TYPE = YES_ERROR;
				GCC_WARN_UNDECLARED_SELECTOR = YES;
				GCC_WARN_UNINITIALIZED_AUTOS = YES_AGGRESSIVE;
				GCC_WARN_UNUSED_FUNCTION = YES;
				GCC_WARN_UNUSED_VARIABLE = YES;
				IPHONEOS_DEPLOYMENT_TARGET = 12.0;
				MTL_ENABLE_DEBUG_INFO = INCLUDE_SOURCE;
				MTL_FAST_MATH = YES;
				ONLY_ACTIVE_ARCH = YES;
				SDKROOT = iphoneos;
				SWIFT_ACTIVE_COMPILATION_CONDITIONS = DEBUG;
				SWIFT_OPTIMIZATION_LEVEL = "-Onone";
			};
			name = Debug;
		};
		2180EA0C2174820A0030FFB5 /* Release */ = {
			isa = XCBuildConfiguration;
			buildSettings = {
				ALWAYS_SEARCH_USER_PATHS = NO;
				CLANG_ANALYZER_NONNULL = YES;
				CLANG_ANALYZER_NUMBER_OBJECT_CONVERSION = YES_AGGRESSIVE;
				CLANG_CXX_LANGUAGE_STANDARD = "gnu++14";
				CLANG_CXX_LIBRARY = "libc++";
				CLANG_ENABLE_MODULES = YES;
				CLANG_ENABLE_OBJC_ARC = YES;
				CLANG_ENABLE_OBJC_WEAK = YES;
				CLANG_WARN_BLOCK_CAPTURE_AUTORELEASING = YES;
				CLANG_WARN_BOOL_CONVERSION = YES;
				CLANG_WARN_COMMA = YES;
				CLANG_WARN_CONSTANT_CONVERSION = YES;
				CLANG_WARN_DEPRECATED_OBJC_IMPLEMENTATIONS = YES;
				CLANG_WARN_DIRECT_OBJC_ISA_USAGE = YES_ERROR;
				CLANG_WARN_DOCUMENTATION_COMMENTS = YES;
				CLANG_WARN_EMPTY_BODY = YES;
				CLANG_WARN_ENUM_CONVERSION = YES;
				CLANG_WARN_INFINITE_RECURSION = YES;
				CLANG_WARN_INT_CONVERSION = YES;
				CLANG_WARN_NON_LITERAL_NULL_CONVERSION = YES;
				CLANG_WARN_OBJC_IMPLICIT_RETAIN_SELF = YES;
				CLANG_WARN_OBJC_LITERAL_CONVERSION = YES;
				CLANG_WARN_OBJC_ROOT_CLASS = YES_ERROR;
				CLANG_WARN_RANGE_LOOP_ANALYSIS = YES;
				CLANG_WARN_STRICT_PROTOTYPES = YES;
				CLANG_WARN_SUSPICIOUS_MOVE = YES;
				CLANG_WARN_UNGUARDED_AVAILABILITY = YES_AGGRESSIVE;
				CLANG_WARN_UNREACHABLE_CODE = YES;
				CLANG_WARN__DUPLICATE_METHOD_MATCH = YES;
				CODE_SIGN_IDENTITY = "iPhone Developer";
				COPY_PHASE_STRIP = NO;
				DEBUG_INFORMATION_FORMAT = "dwarf-with-dsym";
				ENABLE_NS_ASSERTIONS = NO;
				ENABLE_STRICT_OBJC_MSGSEND = YES;
				GCC_C_LANGUAGE_STANDARD = gnu11;
				GCC_NO_COMMON_BLOCKS = YES;
				GCC_WARN_64_TO_32_BIT_CONVERSION = YES;
				GCC_WARN_ABOUT_RETURN_TYPE = YES_ERROR;
				GCC_WARN_UNDECLARED_SELECTOR = YES;
				GCC_WARN_UNINITIALIZED_AUTOS = YES_AGGRESSIVE;
				GCC_WARN_UNUSED_FUNCTION = YES;
				GCC_WARN_UNUSED_VARIABLE = YES;
				IPHONEOS_DEPLOYMENT_TARGET = 12.0;
				MTL_ENABLE_DEBUG_INFO = NO;
				MTL_FAST_MATH = YES;
				SDKROOT = iphoneos;
				SWIFT_COMPILATION_MODE = wholemodule;
				SWIFT_OPTIMIZATION_LEVEL = "-O";
				VALIDATE_PRODUCT = YES;
			};
			name = Release;
		};
		2180EA0E2174820A0030FFB5 /* Debug */ = {
			isa = XCBuildConfiguration;
			buildSettings = {
				ASSETCATALOG_COMPILER_APPICON_NAME = AppIcon;
				CODE_SIGN_STYLE = Automatic;
				DEVELOPMENT_TEAM = 6327F5446H;
				INFOPLIST_FILE = DiaryForMyFamily/Info.plist;
				LD_RUNPATH_SEARCH_PATHS = (
					"$(inherited)",
					"@executable_path/Frameworks",
				);
				PRODUCT_BUNDLE_IDENTIFIER = Chul.DiaryForMyFamily;
				PRODUCT_NAME = "$(TARGET_NAME)";
				SWIFT_VERSION = 4.2;
				TARGETED_DEVICE_FAMILY = "1,2";
			};
			name = Debug;
		};
		2180EA0F2174820A0030FFB5 /* Release */ = {
			isa = XCBuildConfiguration;
			buildSettings = {
				ASSETCATALOG_COMPILER_APPICON_NAME = AppIcon;
				CODE_SIGN_STYLE = Automatic;
				DEVELOPMENT_TEAM = 6327F5446H;
				INFOPLIST_FILE = DiaryForMyFamily/Info.plist;
				LD_RUNPATH_SEARCH_PATHS = (
					"$(inherited)",
					"@executable_path/Frameworks",
				);
				PRODUCT_BUNDLE_IDENTIFIER = Chul.DiaryForMyFamily;
				PRODUCT_NAME = "$(TARGET_NAME)";
				SWIFT_VERSION = 4.2;
				TARGETED_DEVICE_FAMILY = "1,2";
			};
			name = Release;
		};
		2180EA112174820A0030FFB5 /* Debug */ = {
			isa = XCBuildConfiguration;
			buildSettings = {
				ALWAYS_EMBED_SWIFT_STANDARD_LIBRARIES = YES;
				BUNDLE_LOADER = "$(TEST_HOST)";
				CODE_SIGN_STYLE = Automatic;
				DEVELOPMENT_TEAM = 6327F5446H;
				INFOPLIST_FILE = DiaryForMyFamilyTests/Info.plist;
				LD_RUNPATH_SEARCH_PATHS = (
					"$(inherited)",
					"@executable_path/Frameworks",
					"@loader_path/Frameworks",
				);
				PRODUCT_BUNDLE_IDENTIFIER = Chul.DiaryForMyFamilyTests;
				PRODUCT_NAME = "$(TARGET_NAME)";
				SWIFT_VERSION = 4.2;
				TARGETED_DEVICE_FAMILY = "1,2";
				TEST_HOST = "$(BUILT_PRODUCTS_DIR)/DiaryForMyFamily.app/DiaryForMyFamily";
			};
			name = Debug;
		};
		2180EA122174820A0030FFB5 /* Release */ = {
			isa = XCBuildConfiguration;
			buildSettings = {
				ALWAYS_EMBED_SWIFT_STANDARD_LIBRARIES = YES;
				BUNDLE_LOADER = "$(TEST_HOST)";
				CODE_SIGN_STYLE = Automatic;
				DEVELOPMENT_TEAM = 6327F5446H;
				INFOPLIST_FILE = DiaryForMyFamilyTests/Info.plist;
				LD_RUNPATH_SEARCH_PATHS = (
					"$(inherited)",
					"@executable_path/Frameworks",
					"@loader_path/Frameworks",
				);
				PRODUCT_BUNDLE_IDENTIFIER = Chul.DiaryForMyFamilyTests;
				PRODUCT_NAME = "$(TARGET_NAME)";
				SWIFT_VERSION = 4.2;
				TARGETED_DEVICE_FAMILY = "1,2";
				TEST_HOST = "$(BUILT_PRODUCTS_DIR)/DiaryForMyFamily.app/DiaryForMyFamily";
			};
			name = Release;
		};
		2180EA142174820A0030FFB5 /* Debug */ = {
			isa = XCBuildConfiguration;
			buildSettings = {
				ALWAYS_EMBED_SWIFT_STANDARD_LIBRARIES = YES;
				CODE_SIGN_STYLE = Automatic;
				DEVELOPMENT_TEAM = 6327F5446H;
				INFOPLIST_FILE = DiaryForMyFamilyUITests/Info.plist;
				LD_RUNPATH_SEARCH_PATHS = (
					"$(inherited)",
					"@executable_path/Frameworks",
					"@loader_path/Frameworks",
				);
				PRODUCT_BUNDLE_IDENTIFIER = Chul.DiaryForMyFamilyUITests;
				PRODUCT_NAME = "$(TARGET_NAME)";
				SWIFT_VERSION = 4.2;
				TARGETED_DEVICE_FAMILY = "1,2";
				TEST_TARGET_NAME = DiaryForMyFamily;
			};
			name = Debug;
		};
		2180EA152174820A0030FFB5 /* Release */ = {
			isa = XCBuildConfiguration;
			buildSettings = {
				ALWAYS_EMBED_SWIFT_STANDARD_LIBRARIES = YES;
				CODE_SIGN_STYLE = Automatic;
				DEVELOPMENT_TEAM = 6327F5446H;
				INFOPLIST_FILE = DiaryForMyFamilyUITests/Info.plist;
				LD_RUNPATH_SEARCH_PATHS = (
					"$(inherited)",
					"@executable_path/Frameworks",
					"@loader_path/Frameworks",
				);
				PRODUCT_BUNDLE_IDENTIFIER = Chul.DiaryForMyFamilyUITests;
				PRODUCT_NAME = "$(TARGET_NAME)";
				SWIFT_VERSION = 4.2;
				TARGETED_DEVICE_FAMILY = "1,2";
				TEST_TARGET_NAME = DiaryForMyFamily;
			};
			name = Release;
		};
/* End XCBuildConfiguration section */

/* Begin XCConfigurationList section */
		2180E9E0217482060030FFB5 /* Build configuration list for PBXProject "DiaryForMyFamily" */ = {
			isa = XCConfigurationList;
			buildConfigurations = (
				2180EA0B2174820A0030FFB5 /* Debug */,
				2180EA0C2174820A0030FFB5 /* Release */,
			);
			defaultConfigurationIsVisible = 0;
			defaultConfigurationName = Release;
		};
		2180EA0D2174820A0030FFB5 /* Build configuration list for PBXNativeTarget "DiaryForMyFamily" */ = {
			isa = XCConfigurationList;
			buildConfigurations = (
				2180EA0E2174820A0030FFB5 /* Debug */,
				2180EA0F2174820A0030FFB5 /* Release */,
			);
			defaultConfigurationIsVisible = 0;
			defaultConfigurationName = Release;
		};
		2180EA102174820A0030FFB5 /* Build configuration list for PBXNativeTarget "DiaryForMyFamilyTests" */ = {
			isa = XCConfigurationList;
			buildConfigurations = (
				2180EA112174820A0030FFB5 /* Debug */,
				2180EA122174820A0030FFB5 /* Release */,
			);
			defaultConfigurationIsVisible = 0;
			defaultConfigurationName = Release;
		};
		2180EA132174820A0030FFB5 /* Build configuration list for PBXNativeTarget "DiaryForMyFamilyUITests" */ = {
			isa = XCConfigurationList;
			buildConfigurations = (
				2180EA142174820A0030FFB5 /* Debug */,
				2180EA152174820A0030FFB5 /* Release */,
			);
			defaultConfigurationIsVisible = 0;
			defaultConfigurationName = Release;
		};
/* End XCConfigurationList section */
	};
	rootObject = 2180E9DD217482060030FFB5 /* Project object */;
}
